
Microsoft Visual Studio Solution File, Format Version 12.00
# Visual Studio Version 16
VisualStudioVersion = 16.0.29609.76
MinimumVisualStudioVersion = 10.0.40219.1
Project("{8BC9CEB8-8B4A-11D0-8D11-00A0C91BC942}") = "arcdps_personal_stats_lib", "arcdps_personal_stats.vcxproj", "{3AE52975-FC4E-4804-8838-F230A5F1E79C}"
EndProject
Project("{8BC9CEB8-8B4A-11D0-8D11-00A0C91BC942}") = "test", "test\test.vcxproj", "{E83EF108-B0EE-40C1-AB5A-F6D3E09FCDB5}"
EndProject
Project("{8BC9CEB8-8B4A-11D0-8D11-00A0C91BC942}") = "arcdps_mock", "arcdps_mock\arcdps_mock\arcdps_mock.vcxproj", "{20B650FF-5B57-461B-B862-CCCCA4F665EB}"
EndProject
Project("{8BC9CEB8-8B4A-11D0-8D11-00A0C91BC942}") = "arcdps_healing_stats", "arcdps_healing_stats\arcdps_healing_stats.vcxproj", "{90760B39-0125-4541-A5F3-1F42F4FF8DD8}"
	ProjectSection(ProjectDependencies) = postProject
		{3AE52975-FC4E-4804-8838-F230A5F1E79C} = {3AE52975-FC4E-4804-8838-F230A5F1E79C}
	EndProjectSection
EndProject
Global
	GlobalSection(SolutionConfigurationPlatforms) = preSolution
		Debug|x64 = Debug|x64
		Mock Debug|x64 = Mock Debug|x64
		Release|x64 = Release|x64
	EndGlobalSection
	GlobalSection(ProjectConfigurationPlatforms) = postSolution
		{3AE52975-FC4E-4804-8838-F230A5F1E79C}.Debug|x64.ActiveCfg = Debug|x64
		{3AE52975-FC4E-4804-8838-F230A5F1E79C}.Debug|x64.Build.0 = Debug|x64
		{3AE52975-FC4E-4804-8838-F230A5F1E79C}.Mock Debug|x64.ActiveCfg = Mock Debug|x64
		{3AE52975-FC4E-4804-8838-F230A5F1E79C}.Mock Debug|x64.Build.0 = Mock Debug|x64
		{3AE52975-FC4E-4804-8838-F230A5F1E79C}.Release|x64.ActiveCfg = Release|x64
		{3AE52975-FC4E-4804-8838-F230A5F1E79C}.Release|x64.Build.0 = Release|x64
		{E83EF108-B0EE-40C1-AB5A-F6D3E09FCDB5}.Debug|x64.ActiveCfg = Debug|x64
		{E83EF108-B0EE-40C1-AB5A-F6D3E09FCDB5}.Debug|x64.Build.0 = Debug|x64
		{E83EF108-B0EE-40C1-AB5A-F6D3E09FCDB5}.Mock Debug|x64.ActiveCfg = Debug|x64
		{E83EF108-B0EE-40C1-AB5A-F6D3E09FCDB5}.Release|x64.ActiveCfg = Release|x64
		{E83EF108-B0EE-40C1-AB5A-F6D3E09FCDB5}.Release|x64.Build.0 = Release|x64
		{20B650FF-5B57-461B-B862-CCCCA4F665EB}.Debug|x64.ActiveCfg = Debug|x64
		{20B650FF-5B57-461B-B862-CCCCA4F665EB}.Debug|x64.Build.0 = Debug|x64
		{20B650FF-5B57-461B-B862-CCCCA4F665EB}.Mock Debug|x64.ActiveCfg = Debug|x64
		{20B650FF-5B57-461B-B862-CCCCA4F665EB}.Mock Debug|x64.Build.0 = Debug|x64
		{20B650FF-5B57-461B-B862-CCCCA4F665EB}.Release|x64.ActiveCfg = Release|x64
		{20B650FF-5B57-461B-B862-CCCCA4F665EB}.Release|x64.Build.0 = Release|x64
		{90760B39-0125-4541-A5F3-1F42F4FF8DD8}.Debug|x64.ActiveCfg = Debug|x64
		{90760B39-0125-4541-A5F3-1F42F4FF8DD8}.Debug|x64.Build.0 = Debug|x64
		{90760B39-0125-4541-A5F3-1F42F4FF8DD8}.Mock Debug|x64.ActiveCfg = Debug|x64
		{90760B39-0125-4541-A5F3-1F42F4FF8DD8}.Mock Debug|x64.Build.0 = Debug|x64
		{90760B39-0125-4541-A5F3-1F42F4FF8DD8}.Release|x64.ActiveCfg = Release|x64
		{90760B39-0125-4541-A5F3-1F42F4FF8DD8}.Release|x64.Build.0 = Release|x64
	EndGlobalSection
	GlobalSection(SolutionProperties) = preSolution
		HideSolutionNode = FALSE
	EndGlobalSection
	GlobalSection(ExtensibilityGlobals) = postSolution
		SolutionGuid = {6B6B90D9-C2E7-4E5E-82B3-32207771CF1B}
	EndGlobalSection
EndGlobal
