<?xml version="1.0" encoding="utf-8"?>
<Project ToolsVersion="4.0" xmlns="http://schemas.microsoft.com/developer/msbuild/2003">
  <ItemGroup>
    <Filter Include="Source Files">
      <UniqueIdentifier>{4FC737F1-C7A5-4376-A066-2A32D752A2FF}</UniqueIdentifier>
      <Extensions>cpp;c;cc;cxx;c++;cppm;ixx;def;odl;idl;hpj;bat;asm;asmx</Extensions>
    </Filter>
    <Filter Include="Header Files">
      <UniqueIdentifier>{93995380-89BD-4b04-88EB-625FBE52EBFB}</UniqueIdentifier>
      <Extensions>h;hh;hpp;hxx;h++;hm;inl;inc;ipp;xsd</Extensions>
    </Filter>
    <Filter Include="Resource Files">
      <UniqueIdentifier>{67DA6AB6-F800-4c08-8B7A-83BB121AAD01}</UniqueIdentifier>
      <Extensions>rc;ico;cur;bmp;dlg;rc2;rct;bin;rgs;gif;jpg;jpeg;jpe;resx;tiff;tif;png;wav;mfcribbon-ms</Extensions>
    </Filter>
  </ItemGroup>
  <ItemGroup>
    <ClCompile Include="dllmain.cpp">
      <Filter>Source Files</Filter>
    </ClCompile>
  </ItemGroup>
  <ItemGroup>
    <ClInclude Include="..\resource.h">
      <Filter>Header Files</Filter>
    </ClInclude>
  </ItemGroup>
  <ItemGroup>
    <ResourceCompile Include="..\arcdps_personal_stats.rc">
      <Filter>Resource Files</Filter>
    </ResourceCompile>
  </ItemGroup>
  <ItemGroup>
    <None Include="..\vcpkg_installed\x64-windows-static\x64-windows\share\grpc\roots.pem" />
  </ItemGroup>
  <ItemGroup>
    <Image Include="..\icons\specs\001.png">
      <Filter>Resource Files</Filter>
    </Image>
    <Image Include="..\icons\specs\002.png">
      <Filter>Resource Files</Filter>
    </Image>
    <Image Include="..\icons\specs\003.png">
      <Filter>Resource Files</Filter>
    </Image>
    <Image Include="..\icons\specs\004.png">
      <Filter>Resource Files</Filter>
    </Image>
    <Image Include="..\icons\specs\005.png">
      <Filter>Resource Files</Filter>
    </Image>
    <Image Include="..\icons\specs\006.png">
      <Filter>Resource Files</Filter>
    </Image>
    <Image Include="..\icons\specs\007.png">
      <Filter>Resource Files</Filter>
    </Image>
    <Image Include="..\icons\specs\008.png">
      <Filter>Resource Files</Filter>
    </Image>
    <Image Include="..\icons\specs\009.png">
      <Filter>Resource Files</Filter>
    </Image>
    <Image Include="..\icons\specs\e101.png">
      <Filter>Resource Files</Filter>
    </Image>
    <Image Include="..\icons\specs\e102.png">
      <Filter>Resource Files</Filter>
    </Image>
    <Image Include="..\icons\specs\e103.png">
      <Filter>Resource Files</Filter>
    </Image>
    <Image Include="..\icons\specs\e201.png">
      <Filter>Resource Files</Filter>
    </Image>
    <Image Include="..\icons\specs\e202.png">
      <Filter>Resource Files</Filter>
    </Image>
    <Image Include="..\icons\specs\e203.png">
      <Filter>Resource Files</Filter>
    </Image>
    <Image Include="..\icons\specs\e301.png">
      <Filter>Resource Files</Filter>
    </Image>
    <Image Include="..\icons\specs\e302.png">
      <Filter>Resource Files</Filter>
    </Image>
    <Image Include="..\icons\specs\e303.png">
      <Filter>Resource Files</Filter>
    </Image>
    <Image Include="..\icons\specs\e401.png">
      <Filter>Resource Files</Filter>
    </Image>
    <Image Include="..\icons\specs\e402.png">
      <Filter>Resource Files</Filter>
    </Image>
    <Image Include="..\icons\specs\e403.png">
      <Filter>Resource Files</Filter>
    </Image>
    <Image Include="..\icons\specs\e501.png">
      <Filter>Resource Files</Filter>
    </Image>
    <Image Include="..\icons\specs\e502.png">
      <Filter>Resource Files</Filter>
    </Image>
    <Image Include="..\icons\specs\e503.png">
      <Filter>Resource Files</Filter>
    </Image>
    <Image Include="..\icons\specs\e601.png">
      <Filter>Resource Files</Filter>
    </Image>
    <Image Include="..\icons\specs\e602.png">
      <Filter>Resource Files</Filter>
    </Image>
    <Image Include="..\icons\specs\e603.png">
      <Filter>Resource Files</Filter>
    </Image>
    <Image Include="..\icons\specs\e701.png">
      <Filter>Resource Files</Filter>
    </Image>
    <Image Include="..\icons\specs\e702.png">
      <Filter>Resource Files</Filter>
    </Image>
    <Image Include="..\icons\specs\e703.png">
      <Filter>Resource Files</Filter>
    </Image>
    <Image Include="..\icons\specs\e801.png">
      <Filter>Resource Files</Filter>
    </Image>
    <Image Include="..\icons\specs\e802.png">
      <Filter>Resource Files</Filter>
    </Image>
    <Image Include="..\icons\specs\e803.png">
      <Filter>Resource Files</Filter>
    </Image>
    <Image Include="..\icons\specs\e901.png">
      <Filter>Resource Files</Filter>
    </Image>
    <Image Include="..\icons\specs\e902.png">
      <Filter>Resource Files</Filter>
    </Image>
    <Image Include="..\icons\specs\e903.png">
      <Filter>Resource Files</Filter>
    </Image>
    <Image Include="..\icons\specs\000.png">
      <Filter>Resource Files</Filter>
    </Image>
    <Image Include="..\icons\specs\e104.png">
      <Filter>Resource Files</Filter>
    </Image>
    <Image Include="..\icons\specs\e204.png">
      <Filter>Resource Files</Filter>
    </Image>
    <Image Include="..\icons\specs\e304.png">
      <Filter>Resource Files</Filter>
    </Image>
    <Image Include="..\icons\specs\e404.png">
      <Filter>Resource Files</Filter>
    </Image>
    <Image Include="..\icons\specs\e504.png">
      <Filter>Resource Files</Filter>
    </Image>
    <Image Include="..\icons\specs\e604.png">
      <Filter>Resource Files</Filter>
    </Image>
    <Image Include="..\icons\specs\e704.png">
      <Filter>Resource Files</Filter>
    </Image>
    <Image Include="..\icons\specs\e804.png">
      <Filter>Resource Files</Filter>
    </Image>
    <Image Include="..\icons\specs\e904.png">
      <Filter>Resource Files</Filter>
    </Image>
  </ItemGroup>
</Project>